{
  "name": "hof-theme-govuk",
  "version": "4.3.0",
  "lockfileVersion": 1,
  "requires": true,
  "dependencies": {
    "govuk-frontend": {
      "version": "3.2.0",
      "resolved": "https://registry.npmjs.org/govuk-frontend/-/govuk-frontend-3.2.0.tgz",
      "integrity": "sha512-OtJozAGMEKFu195fNVVrQHUX7+znCkA4cXDKs4lgFlRQOTzN1ogT9010GBARuoTwbeL0VqQ8nerZYjVxH/wafA=="
    },
    "hof-frontend-toolkit": {
      "version": "github:cautionyourblast/hof-frontend-toolkit#698a443a93eb10136f7ffd7da0b3bf2d93ceab10",
      "from": "github:cautionyourblast/hof-frontend-toolkit#chore/update-govuk-frontend",
      "requires": {
        "govuk-frontend": "3.2.0",
        "lodash.foreach": "^4.5.0",
        "lodash.groupby": "^4.6.0"
      }
    },
    "hof-template-partials": {
      "version": "4.3.0",
      "resolved": "https://registry.npmjs.org/hof-template-partials/-/hof-template-partials-4.3.0.tgz",
      "integrity": "sha512-ytkhNLUsp6kWufr6wkPUULvIfcplhWSPGbJrX8gjVHMsEgfHocfUNgc74KK1MF5v+sVg3arlwItyMM/Sw88y3g==",
      "requires": {
        "lodash": "^4.17.4"
      }
    },
    "lodash": {
      "version": "4.17.15",
      "resolved": "https://registry.npmjs.org/lodash/-/lodash-4.17.15.tgz",
      "integrity": "sha512-8xOcRHvCjnocdS5cpwXQXVzmmh5e5+saE2QGoeQmbKmRS6J3VQppPOIt0MnmE+4xlZoumy0GPG0D0MVIQbNA1A=="
    },
    "lodash.foreach": {
      "version": "4.5.0",
      "resolved": "https://registry.npmjs.org/lodash.foreach/-/lodash.foreach-4.5.0.tgz",
      "integrity": "sha1-Gmo16s5AEoDH8G3d7DUWWrJ+PlM="
    },
    "lodash.groupby": {
      "version": "4.6.0",
      "resolved": "https://registry.npmjs.org/lodash.groupby/-/lodash.groupby-4.6.0.tgz",
      "integrity": "sha1-Cwih3PaDl8OXhVwyOXg4Mt90A9E="
    }
  }
}
